
Microsoft Visual Studio Solution File, Format Version 12.00
# Visual Studio Version 16
VisualStudioVersion = 16.0.31729.503
MinimumVisualStudioVersion = 10.0.40219.1
Project("{FAE04EC0-301F-11D3-BF4B-00C04F79EFBC}") = "GraphqlDemo.Domain", "GraphqlDemo.Domain\GraphqlDemo.Domain.csproj", "{45EF3DE2-9F42-46F7-98F2-19C4DE08F453}"
EndProject
Global
	GlobalSection(SolutionConfigurationPlatforms) = preSolution
		Debug|Any CPU = Debug|Any CPU
		Release|Any CPU = Release|Any CPU
	EndGlobalSection
	GlobalSection(ProjectConfigurationPlatforms) = postSolution
		{45EF3DE2-9F42-46F7-98F2-19C4DE08F453}.Debug|Any CPU.ActiveCfg = Debug|Any CPU
		{45EF3DE2-9F42-46F7-98F2-19C4DE08F453}.Debug|Any CPU.Build.0 = Debug|Any CPU
		{45EF3DE2-9F42-46F7-98F2-19C4DE08F453}.Release|Any CPU.ActiveCfg = Release|Any CPU
		{45EF3DE2-9F42-46F7-98F2-19C4DE08F453}.Release|Any CPU.Build.0 = Release|Any CPU
	EndGlobalSection
	GlobalSection(SolutionProperties) = preSolution
		HideSolutionNode = FALSE
	EndGlobalSection
	GlobalSection(ExtensibilityGlobals) = postSolution
		SolutionGuid = {8B046B54-57EE-4DC4-A532-50EE2C844DC1}
	EndGlobalSection
EndGlobal
